{
  "version": "3",
  "remote": {
    "https://deno.land/x/xml@6.0.4/parse.ts": "1302c75d8fd40df39310bb8ae6716302f0b77c61c607437dc023d3d792a0df54",
    "https://deno.land/x/xml@6.0.4/wasm_xml_parser/wasm_xml_parser.js": "0804d738e6d94284b043546260b547bb4731fbfd3b3851139740e863dabf25bd"
  },
  "workspace": {
    "dependencies": [
      "jsr:@std/assert@1"
    ]
  }
}
